
Microsoft Visual Studio Solution File, Format Version 12.00
# Visual Studio Version 17
VisualStudioVersion = 17.4.33213.308
MinimumVisualStudioVersion = 10.0.40219.1
Project("{FAE04EC0-301F-11D3-BF4B-00C04F79EFBC}") = "AngularApp2", "AngularApp2.csproj", "{E9B5F52B-437F-44EC-B142-0726DFEC5EF3}"
EndProject
Global
	GlobalSection(SolutionConfigurationPlatforms) = preSolution
		Debug|Any CPU = Debug|Any CPU
		Release|Any CPU = Release|Any CPU
	EndGlobalSection
	GlobalSection(ProjectConfigurationPlatforms) = postSolution
		{E9B5F52B-437F-44EC-B142-0726DFEC5EF3}.Debug|Any CPU.ActiveCfg = Debug|Any CPU
		{E9B5F52B-437F-44EC-B142-0726DFEC5EF3}.Debug|Any CPU.Build.0 = Debug|Any CPU
		{E9B5F52B-437F-44EC-B142-0726DFEC5EF3}.Release|Any CPU.ActiveCfg = Release|Any CPU
		{E9B5F52B-437F-44EC-B142-0726DFEC5EF3}.Release|Any CPU.Build.0 = Release|Any CPU
	EndGlobalSection
	GlobalSection(SolutionProperties) = preSolution
		HideSolutionNode = FALSE
	EndGlobalSection
	GlobalSection(ExtensibilityGlobals) = postSolution
		SolutionGuid = {04B59566-4D31-4565-8735-AAB4769DE0EC}
	EndGlobalSection
EndGlobal
